
Microsoft Visual Studio Solution File, Format Version 12.00
# Visual Studio Version 16
VisualStudioVersion = 16.0.30002.166
MinimumVisualStudioVersion = 10.0.40219.1
Project("{9A19103F-16F7-4668-BE54-9A1E7A4F7556}") = "EmployeeManagement", "EmployeeManagement.csproj", "{896B9AFD-25FF-4F31-990D-1851AB09BD4F}"
EndProject
Project("{9A19103F-16F7-4668-BE54-9A1E7A4F7556}") = "BusinessLayer", "..\BusinessLayer\BusinessLayer.csproj", "{C92028C0-10DB-400E-896F-328C3C5B4CB5}"
EndProject
Project("{9A19103F-16F7-4668-BE54-9A1E7A4F7556}") = "CommonLayer", "..\CommonLayer\CommonLayer.csproj", "{55F8CA5E-524E-443D-BBFD-22303E5277AA}"
EndProject
Project("{9A19103F-16F7-4668-BE54-9A1E7A4F7556}") = "RepositoryLayer", "..\RepositoryLayer\RepositoryLayer.csproj", "{30B95BD3-5D46-4941-BA94-5ACB4D9108EE}"
EndProject
Project("{9A19103F-16F7-4668-BE54-9A1E7A4F7556}") = "MSMQ", "..\MSMQ\MSMQ.csproj", "{0A5405A7-860E-4327-AEE9-ADDF65C58F24}"
EndProject
Project("{9A19103F-16F7-4668-BE54-9A1E7A4F7556}") = "NUnitTestProject", "..\NUnitTestProject\NUnitTestProject.csproj", "{9B63C8D7-318B-4951-8E37-B900855DD7DF}"
EndProject
Global
	GlobalSection(SolutionConfigurationPlatforms) = preSolution
		Debug|Any CPU = Debug|Any CPU
		Release|Any CPU = Release|Any CPU
	EndGlobalSection
	GlobalSection(ProjectConfigurationPlatforms) = postSolution
		{896B9AFD-25FF-4F31-990D-1851AB09BD4F}.Debug|Any CPU.ActiveCfg = Debug|Any CPU
		{896B9AFD-25FF-4F31-990D-1851AB09BD4F}.Debug|Any CPU.Build.0 = Debug|Any CPU
		{896B9AFD-25FF-4F31-990D-1851AB09BD4F}.Release|Any CPU.ActiveCfg = Release|Any CPU
		{896B9AFD-25FF-4F31-990D-1851AB09BD4F}.Release|Any CPU.Build.0 = Release|Any CPU
		{C92028C0-10DB-400E-896F-328C3C5B4CB5}.Debug|Any CPU.ActiveCfg = Debug|Any CPU
		{C92028C0-10DB-400E-896F-328C3C5B4CB5}.Debug|Any CPU.Build.0 = Debug|Any CPU
		{C92028C0-10DB-400E-896F-328C3C5B4CB5}.Release|Any CPU.ActiveCfg = Release|Any CPU
		{C92028C0-10DB-400E-896F-328C3C5B4CB5}.Release|Any CPU.Build.0 = Release|Any CPU
		{55F8CA5E-524E-443D-BBFD-22303E5277AA}.Debug|Any CPU.ActiveCfg = Debug|Any CPU
		{55F8CA5E-524E-443D-BBFD-22303E5277AA}.Debug|Any CPU.Build.0 = Debug|Any CPU
		{55F8CA5E-524E-443D-BBFD-22303E5277AA}.Release|Any CPU.ActiveCfg = Release|Any CPU
		{55F8CA5E-524E-443D-BBFD-22303E5277AA}.Release|Any CPU.Build.0 = Release|Any CPU
		{30B95BD3-5D46-4941-BA94-5ACB4D9108EE}.Debug|Any CPU.ActiveCfg = Debug|Any CPU
		{30B95BD3-5D46-4941-BA94-5ACB4D9108EE}.Debug|Any CPU.Build.0 = Debug|Any CPU
		{30B95BD3-5D46-4941-BA94-5ACB4D9108EE}.Release|Any CPU.ActiveCfg = Release|Any CPU
		{30B95BD3-5D46-4941-BA94-5ACB4D9108EE}.Release|Any CPU.Build.0 = Release|Any CPU
		{0A5405A7-860E-4327-AEE9-ADDF65C58F24}.Debug|Any CPU.ActiveCfg = Debug|Any CPU
		{0A5405A7-860E-4327-AEE9-ADDF65C58F24}.Debug|Any CPU.Build.0 = Debug|Any CPU
		{0A5405A7-860E-4327-AEE9-ADDF65C58F24}.Release|Any CPU.ActiveCfg = Release|Any CPU
		{0A5405A7-860E-4327-AEE9-ADDF65C58F24}.Release|Any CPU.Build.0 = Release|Any CPU
		{9B63C8D7-318B-4951-8E37-B900855DD7DF}.Debug|Any CPU.ActiveCfg = Debug|Any CPU
		{9B63C8D7-318B-4951-8E37-B900855DD7DF}.Debug|Any CPU.Build.0 = Debug|Any CPU
		{9B63C8D7-318B-4951-8E37-B900855DD7DF}.Release|Any CPU.ActiveCfg = Release|Any CPU
		{9B63C8D7-318B-4951-8E37-B900855DD7DF}.Release|Any CPU.Build.0 = Release|Any CPU
	EndGlobalSection
	GlobalSection(SolutionProperties) = preSolution
		HideSolutionNode = FALSE
	EndGlobalSection
	GlobalSection(ExtensibilityGlobals) = postSolution
		SolutionGuid = {0DF713B4-F4E0-4D30-B3AE-68CDD8EA347C}
	EndGlobalSection
EndGlobal
